
Microsoft Visual Studio Solution File, Format Version 12.00
# Visual Studio Version 17
VisualStudioVersion = 17.14.36121.58 d17.14
MinimumVisualStudioVersion = 10.0.40219.1
Project("{8BC9CEB8-8B4A-11D0-8D11-00A0C91BC942}") = "ExportStats", "ExportStats\ExportStats.vcxproj", "{8BFE54C6-25FB-4D6F-B054-CC05DD767692}"
EndProject
Global
	GlobalSection(SolutionConfigurationPlatforms) = preSolution
		Release|x64 = Release|x64
	EndGlobalSection
	GlobalSection(ProjectConfigurationPlatforms) = postSolution
		{8BFE54C6-25FB-4D6F-B054-CC05DD767692}.Release|x64.ActiveCfg = Release|x64
		{8BFE54C6-25FB-4D6F-B054-CC05DD767692}.Release|x64.Build.0 = Release|x64
	EndGlobalSection
	GlobalSection(SolutionProperties) = preSolution
		HideSolutionNode = FALSE
	EndGlobalSection
	GlobalSection(ExtensibilityGlobals) = postSolution
		SolutionGuid = {2D1B549A-38BC-46EC-AE68-C8E4C400A6F6}
	EndGlobalSection
EndGlobal
